
Microsoft Visual Studio Solution File, Format Version 11.00
# Visual Studio 2010
Project("{8BC9CEB8-8B4A-11D0-8D11-00A0C91BC942}") = "Regshot", "regshot_icl12_vs2010.vcxproj", "{4C971282-E758-4BA4-B2EF-905613EAADD8}"
EndProject
Global
	GlobalSection(SolutionConfigurationPlatforms) = preSolution
		Debug ANSI|Win32 = Debug ANSI|Win32
		Debug ANSI|x64 = Debug ANSI|x64
		Debug Unicode|Win32 = Debug Unicode|Win32
		Debug Unicode|x64 = Debug Unicode|x64
		Release ANSI|Win32 = Release ANSI|Win32
		Release ANSI|x64 = Release ANSI|x64
		Release Unicode|Win32 = Release Unicode|Win32
		Release Unicode|x64 = Release Unicode|x64
	EndGlobalSection
	GlobalSection(ProjectConfigurationPlatforms) = postSolution
		{4C971282-E758-4BA4-B2EF-905613EAADD8}.Debug ANSI|Win32.ActiveCfg = Debug|Win32
		{4C971282-E758-4BA4-B2EF-905613EAADD8}.Debug ANSI|Win32.Build.0 = Debug|Win32
		{4C971282-E758-4BA4-B2EF-905613EAADD8}.Debug ANSI|x64.ActiveCfg = Debug|x64
		{4C971282-E758-4BA4-B2EF-905613EAADD8}.Debug ANSI|x64.Build.0 = Debug|x64
		{4C971282-E758-4BA4-B2EF-905613EAADD8}.Debug Unicode|Win32.ActiveCfg = Debug Unicode|Win32
		{4C971282-E758-4BA4-B2EF-905613EAADD8}.Debug Unicode|Win32.Build.0 = Debug Unicode|Win32
		{4C971282-E758-4BA4-B2EF-905613EAADD8}.Debug Unicode|x64.ActiveCfg = Debug Unicode|x64
		{4C971282-E758-4BA4-B2EF-905613EAADD8}.Debug Unicode|x64.Build.0 = Debug Unicode|x64
		{4C971282-E758-4BA4-B2EF-905613EAADD8}.Release ANSI|Win32.ActiveCfg = Release|Win32
		{4C971282-E758-4BA4-B2EF-905613EAADD8}.Release ANSI|Win32.Build.0 = Release|Win32
		{4C971282-E758-4BA4-B2EF-905613EAADD8}.Release ANSI|x64.ActiveCfg = Release|x64
		{4C971282-E758-4BA4-B2EF-905613EAADD8}.Release ANSI|x64.Build.0 = Release|x64
		{4C971282-E758-4BA4-B2EF-905613EAADD8}.Release Unicode|Win32.ActiveCfg = Release Unicode|Win32
		{4C971282-E758-4BA4-B2EF-905613EAADD8}.Release Unicode|Win32.Build.0 = Release Unicode|Win32
		{4C971282-E758-4BA4-B2EF-905613EAADD8}.Release Unicode|x64.ActiveCfg = Release Unicode|x64
		{4C971282-E758-4BA4-B2EF-905613EAADD8}.Release Unicode|x64.Build.0 = Release Unicode|x64
	EndGlobalSection
	GlobalSection(SolutionProperties) = preSolution
		HideSolutionNode = FALSE
	EndGlobalSection
EndGlobal
